// !$*UTF8*$!
{
	archiveVersion = 1;
	classes = {
	};
	objectVersion = 46;
	objects = {

/* Begin PBXBuildFile section */
		ABB85EC21B0C3CCC00F7801A /* AppDelegate.swift in Sources */ = {isa = PBXBuildFile; fileRef = ABB85EC11B0C3CCC00F7801A /* AppDelegate.swift */; };
		ABB85EC41B0C3CCC00F7801A /* ViewController.swift in Sources */ = {isa = PBXBuildFile; fileRef = ABB85EC31B0C3CCC00F7801A /* ViewController.swift */; };
		ABB85EC71B0C3CCC00F7801A /* Main.storyboard in Resources */ = {isa = PBXBuildFile; fileRef = ABB85EC51B0C3CCC00F7801A /* Main.storyboard */; };
		ABB85EC91B0C3CCC00F7801A /* Images.xcassets in Resources */ = {isa = PBXBuildFile; fileRef = ABB85EC81B0C3CCC00F7801A /* Images.xcassets */; };
		ABB85ECC1B0C3CCC00F7801A /* LaunchScreen.xib in Resources */ = {isa = PBXBuildFile; fileRef = ABB85ECA1B0C3CCC00F7801A /* LaunchScreen.xib */; };
		ABB85ED81B0C3CCC00F7801A /* PostcardTests.swift in Sources */ = {isa = PBXBuildFile; fileRef = ABB85ED71B0C3CCC00F7801A /* PostcardTests.swift */; };
		ABEC3E4D1B11A9430087F3D1 /* SagradaFamilia.jpeg in Resources */ = {isa = PBXBuildFile; fileRef = ABEC3E4C1B11A9430087F3D1 /* SagradaFamilia.jpeg */; };
		ABEC3E4F1B1CDF1C0087F3D1 /* AlbertEinsteinStamp.jpg in Resources */ = {isa = PBXBuildFile; fileRef = ABEC3E4E1B1CDF1C0087F3D1 /* AlbertEinsteinStamp.jpg */; };
/* End PBXBuildFile section */

/* Begin PBXContainerItemProxy section */
		ABB85ED21B0C3CCC00F7801A /* PBXContainerItemProxy */ = {
			isa = PBXContainerItemProxy;
			containerPortal = ABB85EB41B0C3CCC00F7801A /* Project object */;
			proxyType = 1;
			remoteGlobalIDString = ABB85EBB1B0C3CCC00F7801A;
			remoteInfo = Postcard;
		};
/* End PBXContainerItemProxy section */

/* Begin PBXFileReference section */
		ABB85EBC1B0C3CCC00F7801A /* Postcard.app */ = {isa = PBXFileReference; explicitFileType = wrapper.application; includeInIndex = 0; path = Postcard.app; sourceTree = BUILT_PRODUCTS_DIR; };
		ABB85EC01B0C3CCC00F7801A /* Info.plist */ = {isa = PBXFileReference; lastKnownFileType = text.plist.xml; path = Info.plist; sourceTree = "<group>"; };
		ABB85EC11B0C3CCC00F7801A /* AppDelegate.swift */ = {isa = PBXFileReference; lastKnownFileType = sourcecode.swift; path = AppDelegate.swift; sourceTree = "<group>"; };
		ABB85EC31B0C3CCC00F7801A /* ViewController.swift */ = {isa = PBXFileReference; lastKnownFileType = sourcecode.swift; path = ViewController.swift; sourceTree = "<group>"; };
		ABB85EC61B0C3CCC00F7801A /* Base */ = {isa = PBXFileReference; lastKnownFileType = file.storyboard; name = Base; path = Base.lproj/Main.storyboard; sourceTree = "<group>"; };
		ABB85EC81B0C3CCC00F7801A /* Images.xcassets */ = {isa = PBXFileReference; lastKnownFileType = folder.assetcatalog; path = Images.xcassets; sourceTree = "<group>"; };
		ABB85ECB1B0C3CCC00F7801A /* Base */ = {isa = PBXFileReference; lastKnownFileType = file.xib; name = Base; path = Base.lproj/LaunchScreen.xib; sourceTree = "<group>"; };
		ABB85ED11B0C3CCC00F7801A /* PostcardTests.xctest */ = {isa = PBXFileReference; explicitFileType = wrapper.cfbundle; includeInIndex = 0; path = PostcardTests.xctest; sourceTree = BUILT_PRODUCTS_DIR; };
		ABB85ED61B0C3CCC00F7801A /* Info.plist */ = {isa = PBXFileReference; lastKnownFileType = text.plist.xml; path = Info.plist; sourceTree = "<group>"; };
		ABB85ED71B0C3CCC00F7801A /* PostcardTests.swift */ = {isa = PBXFileReference; lastKnownFileType = sourcecode.swift; path = PostcardTests.swift; sourceTree = "<group>"; };
		ABEC3E4C1B11A9430087F3D1 /* SagradaFamilia.jpeg */ = {isa = PBXFileReference; lastKnownFileType = image.jpeg; path = SagradaFamilia.jpeg; sourceTree = "<group>"; };
		ABEC3E4E1B1CDF1C0087F3D1 /* AlbertEinsteinStamp.jpg */ = {isa = PBXFileReference; lastKnownFileType = image.jpeg; path = AlbertEinsteinStamp.jpg; sourceTree = "<group>"; };
/* End PBXFileReference section */

/* Begin PBXFrameworksBuildPhase section */
		ABB85EB91B0C3CCC00F7801A /* Frameworks */ = {
			isa = PBXFrameworksBuildPhase;
			buildActionMask = 2147483647;
			files = (
			);
			runOnlyForDeploymentPostprocessing = 0;
		};
		ABB85ECE1B0C3CCC00F7801A /* Frameworks */ = {
			isa = PBXFrameworksBuildPhase;
			buildActionMask = 2147483647;
			files = (
			);
			runOnlyForDeploymentPostprocessing = 0;
		};
/* End PBXFrameworksBuildPhase section */

/* Begin PBXGroup section */
		ABB85EB31B0C3CCC00F7801A = {
			isa = PBXGroup;
			children = (
				ABB85EBE1B0C3CCC00F7801A /* Postcard */,
				ABB85ED41B0C3CCC00F7801A /* PostcardTests */,
				ABB85EBD1B0C3CCC00F7801A /* Products */,
			);
			sourceTree = "<group>";
		};
		ABB85EBD1B0C3CCC00F7801A /* Products */ = {
			isa = PBXGroup;
			children = (
				ABB85EBC1B0C3CCC00F7801A /* Postcard.app */,
				ABB85ED11B0C3CCC00F7801A /* PostcardTests.xctest */,
			);
			name = Products;
			sourceTree = "<group>";
		};
		ABB85EBE1B0C3CCC00F7801A /* Postcard */ = {
			isa = PBXGroup;
			children = (
				ABB85EC11B0C3CCC00F7801A /* AppDelegate.swift */,
				ABB85EC31B0C3CCC00F7801A /* ViewController.swift */,
				ABB85EC51B0C3CCC00F7801A /* Main.storyboard */,
				ABB85EC81B0C3CCC00F7801A /* Images.xcassets */,
				ABB85ECA1B0C3CCC00F7801A /* LaunchScreen.xib */,
				ABB85EBF1B0C3CCC00F7801A /* Supporting Files */,
			);
			path = Postcard;
			sourceTree = "<group>";
		};
		ABB85EBF1B0C3CCC00F7801A /* Supporting Files */ = {
			isa = PBXGroup;
			children = (
				ABEC3E4E1B1CDF1C0087F3D1 /* AlbertEinsteinStamp.jpg */,
				ABEC3E4C1B11A9430087F3D1 /* SagradaFamilia.jpeg */,
				ABB85EC01B0C3CCC00F7801A /* Info.plist */,
			);
			name = "Supporting Files";
			sourceTree = "<group>";
		};
		ABB85ED41B0C3CCC00F7801A /* PostcardTests */ = {
			isa = PBXGroup;
			children = (
				ABB85ED71B0C3CCC00F7801A /* PostcardTests.swift */,
				ABB85ED51B0C3CCC00F7801A /* Supporting Files */,
			);
			path = PostcardTests;
			sourceTree = "<group>";
		};
		ABB85ED51B0C3CCC00F7801A /* Supporting Files */ = {
			isa = PBXGroup;
			children = (
				ABB85ED61B0C3CCC00F7801A /* Info.plist */,
			);
			name = "Supporting Files";
			sourceTree = "<group>";
		};
/* End PBXGroup section */

/* Begin PBXNativeTarget section */
		ABB85EBB1B0C3CCC00F7801A /* Postcard */ = {
			isa = PBXNativeTarget;
			buildConfigurationList = ABB85EDB1B0C3CCC00F7801A /* Build configuration list for PBXNativeTarget "Postcard" */;
			buildPhases = (
				ABB85EB81B0C3CCC00F7801A /* Sources */,
				ABB85EB91B0C3CCC00F7801A /* Frameworks */,
				ABB85EBA1B0C3CCC00F7801A /* Resources */,
			);
			buildRules = (
			);
			dependencies = (
			);
			name = Postcard;
			productName = Postcard;
			productReference = ABB85EBC1B0C3CCC00F7801A /* Postcard.app */;
			productType = "com.apple.product-type.application";
		};
		ABB85ED01B0C3CCC00F7801A /* PostcardTests */ = {
			isa = PBXNativeTarget;
			buildConfigurationList = ABB85EDE1B0C3CCC00F7801A /* Build configuration list for PBXNativeTarget "PostcardTests" */;
			buildPhases = (
				ABB85ECD1B0C3CCC00F7801A /* Sources */,
				ABB85ECE1B0C3CCC00F7801A /* Frameworks */,
				ABB85ECF1B0C3CCC00F7801A /* Resources */,
			);
			buildRules = (
			);
			dependencies = (
				ABB85ED31B0C3CCC00F7801A /* PBXTargetDependency */,
			);
			name = PostcardTests;
			productName = PostcardTests;
			productReference = ABB85ED11B0C3CCC00F7801A /* PostcardTests.xctest */;
			productType = "com.apple.product-type.bundle.unit-test";
		};
/* End PBXNativeTarget section */

/* Begin PBXProject section */
		ABB85EB41B0C3CCC00F7801A /* Project object */ = {
			isa = PBXProject;
			attributes = {
				LastUpgradeCheck = 0630;
				ORGANIZATIONNAME = J2;
				TargetAttributes = {
					ABB85EBB1B0C3CCC00F7801A = {
						CreatedOnToolsVersion = 6.3.1;
					};
					ABB85ED01B0C3CCC00F7801A = {
						CreatedOnToolsVersion = 6.3.1;
						TestTargetID = ABB85EBB1B0C3CCC00F7801A;
					};
				};
			};
			buildConfigurationList = ABB85EB71B0C3CCC00F7801A /* Build configuration list for PBXProject "Postcard" */;
			compatibilityVersion = "Xcode 3.2";
			developmentRegion = English;
			hasScannedForEncodings = 0;
			knownRegions = (
				en,
				Base,
			);
			mainGroup = ABB85EB31B0C3CCC00F7801A;
			productRefGroup = ABB85EBD1B0C3CCC00F7801A /* Products */;
			projectDirPath = "";
			projectRoot = "";
			targets = (
				ABB85EBB1B0C3CCC00F7801A /* Postcard */,
				ABB85ED01B0C3CCC00F7801A /* PostcardTests */,
			);
		};
/* End PBXProject section */

/* Begin PBXResourcesBuildPhase section */
		ABB85EBA1B0C3CCC00F7801A /* Resources */ = {
			isa = PBXResourcesBuildPhase;
			buildActionMask = 2147483647;
			files = (
				ABB85EC71B0C3CCC00F7801A /* Main.storyboard in Resources */,
				ABEC3E4D1B11A9430087F3D1 /* SagradaFamilia.jpeg in Resources */,
				ABEC3E4F1B1CDF1C0087F3D1 /* AlbertEinsteinStamp.jpg in Resources */,
				ABB85ECC1B0C3CCC00F7801A /* LaunchScreen.xib in Resources */,
				ABB85EC91B0C3CCC00F7801A /* Images.xcassets in Resources */,
			);
			runOnlyForDeploymentPostprocessing = 0;
		};
		ABB85ECF1B0C3CCC00F7801A /* Resources */ = {
			isa = PBXResourcesBuildPhase;
			buildActionMask = 2147483647;
			files = (
			);
			runOnlyForDeploymentPostprocessing = 0;
		};
/* End PBXResourcesBuildPhase section */

/* Begin PBXSourcesBuildPhase section */
		ABB85EB81B0C3CCC00F7801A /* Sources */ = {
			isa = PBXSourcesBuildPhase;
			buildActionMask = 2147483647;
			files = (
				ABB85EC41B0C3CCC00F7801A /* ViewController.swift in Sources */,
				ABB85EC21B0C3CCC00F7801A /* AppDelegate.swift in Sources */,
			);
			runOnlyForDeploymentPostprocessing = 0;
		};
		ABB85ECD1B0C3CCC00F7801A /* Sources */ = {
			isa = PBXSourcesBuildPhase;
			buildActionMask = 2147483647;
			files = (
				ABB85ED81B0C3CCC00F7801A /* PostcardTests.swift in Sources */,
			);
			runOnlyForDeploymentPostprocessing = 0;
		};
/* End PBXSourcesBuildPhase section */

/* Begin PBXTargetDependency section */
		ABB85ED31B0C3CCC00F7801A /* PBXTargetDependency */ = {
			isa = PBXTargetDependency;
			target = ABB85EBB1B0C3CCC00F7801A /* Postcard */;
			targetProxy = ABB85ED21B0C3CCC00F7801A /* PBXContainerItemProxy */;
		};
/* End PBXTargetDependency section */

/* Begin PBXVariantGroup section */
		ABB85EC51B0C3CCC00F7801A /* Main.storyboard */ = {
			isa = PBXVariantGroup;
			children = (
				ABB85EC61B0C3CCC00F7801A /* Base */,
			);
			name = Main.storyboard;
			sourceTree = "<group>";
		};
		ABB85ECA1B0C3CCC00F7801A /* LaunchScreen.xib */ = {
			isa = PBXVariantGroup;
			children = (
				ABB85ECB1B0C3CCC00F7801A /* Base */,
			);
			name = LaunchScreen.xib;
			sourceTree = "<group>";
		};
/* End PBXVariantGroup section */

/* Begin XCBuildConfiguration section */
		ABB85ED91B0C3CCC00F7801A /* Debug */ = {
			isa = XCBuildConfiguration;
			buildSettings = {
				ALWAYS_SEARCH_USER_PATHS = NO;
				CLANG_CXX_LANGUAGE_STANDARD = "gnu++0x";
				CLANG_CXX_LIBRARY = "libc++";
				CLANG_ENABLE_MODULES = YES;
				CLANG_ENABLE_OBJC_ARC = YES;
				CLANG_WARN_BOOL_CONVERSION = YES;
				CLANG_WARN_CONSTANT_CONVERSION = YES;
				CLANG_WARN_DIRECT_OBJC_ISA_USAGE = YES_ERROR;
				CLANG_WARN_EMPTY_BODY = YES;
				CLANG_WARN_ENUM_CONVERSION = YES;
				CLANG_WARN_INT_CONVERSION = YES;
				CLANG_WARN_OBJC_ROOT_CLASS = YES_ERROR;
				CLANG_WARN_UNREACHABLE_CODE = YES;
				CLANG_WARN__DUPLICATE_METHOD_MATCH = YES;
				"CODE_SIGN_IDENTITY[sdk=iphoneos*]" = "iPhone Developer";
				COPY_PHASE_STRIP = NO;
				DEBUG_INFORMATION_FORMAT = "dwarf-with-dsym";
				ENABLE_STRICT_OBJC_MSGSEND = YES;
				GCC_C_LANGUAGE_STANDARD = gnu99;
				GCC_DYNAMIC_NO_PIC = NO;
				GCC_NO_COMMON_BLOCKS = YES;
				GCC_OPTIMIZATION_LEVEL = 0;
				GCC_PREPROCESSOR_DEFINITIONS = (
					"DEBUG=1",
					"$(inherited)",
				);
				GCC_SYMBOLS_PRIVATE_EXTERN = NO;
				GCC_WARN_64_TO_32_BIT_CONVERSION = YES;
				GCC_WARN_ABOUT_RETURN_TYPE = YES_ERROR;
				GCC_WARN_UNDECLARED_SELECTOR = YES;
				GCC_WARN_UNINITIALIZED_AUTOS = YES_AGGRESSIVE;
				GCC_WARN_UNUSED_FUNCTION = YES;
				GCC_WARN_UNUSED_VARIABLE = YES;
				IPHONEOS_DEPLOYMENT_TARGET = 8.3;
				MTL_ENABLE_DEBUG_INFO = YES;
				ONLY_ACTIVE_ARCH = YES;
				SDKROOT = iphoneos;
				SWIFT_OPTIMIZATION_LEVEL = "-Onone";
				TARGETED_DEVICE_FAMILY = "1,2";
			};
			name = Debug;
		};
		ABB85EDA1B0C3CCC00F7801A /* Release */ = {
			isa = XCBuildConfiguration;
			buildSettings = {
				ALWAYS_SEARCH_USER_PATHS = NO;
				CLANG_CXX_LANGUAGE_STANDARD = "gnu++0x";
				CLANG_CXX_LIBRARY = "libc++";
				CLANG_ENABLE_MODULES = YES;
				CLANG_ENABLE_OBJC_ARC = YES;
				CLANG_WARN_BOOL_CONVERSION = YES;
				CLANG_WARN_CONSTANT_CONVERSION = YES;
				CLANG_WARN_DIRECT_OBJC_ISA_USAGE = YES_ERROR;
				CLANG_WARN_EMPTY_BODY = YES;
				CLANG_WARN_ENUM_CONVERSION = YES;
				CLANG_WARN_INT_CONVERSION = YES;
				CLANG_WARN_OBJC_ROOT_CLASS = YES_ERROR;
				CLANG_WARN_UNREACHABLE_CODE = YES;
				CLANG_WARN__DUPLICATE_METHOD_MATCH = YES;
				"CODE_SIGN_IDENTITY[sdk=iphoneos*]" = "iPhone Developer";
				COPY_PHASE_STRIP = NO;
				DEBUG_INFORMATION_FORMAT = "dwarf-with-dsym";
				ENABLE_NS_ASSERTIONS = NO;
				ENABLE_STRICT_OBJC_MSGSEND = YES;
				GCC_C_LANGUAGE_STANDARD = gnu99;
				GCC_NO_COMMON_BLOCKS = YES;
				GCC_WARN_64_TO_32_BIT_CONVERSION = YES;
				GCC_WARN_ABOUT_RETURN_TYPE = YES_ERROR;
				GCC_WARN_UNDECLARED_SELECTOR = YES;
				GCC_WARN_UNINITIALIZED_AUTOS = YES_AGGRESSIVE;
				GCC_WARN_UNUSED_FUNCTION = YES;
				GCC_WARN_UNUSED_VARIABLE = YES;
				IPHONEOS_DEPLOYMENT_TARGET = 8.3;
				MTL_ENABLE_DEBUG_INFO = NO;
				SDKROOT = iphoneos;
				TARGETED_DEVICE_FAMILY = "1,2";
				VALIDATE_PRODUCT = YES;
			};
			name = Release;
		};
		ABB85EDC1B0C3CCC00F7801A /* Debug */ = {
			isa = XCBuildConfiguration;
			buildSettings = {
				ASSETCATALOG_COMPILER_APPICON_NAME = AppIcon;
				INFOPLIST_FILE = Postcard/Info.plist;
				LD_RUNPATH_SEARCH_PATHS = "$(inherited) @executable_path/Frameworks";
				PRODUCT_NAME = "$(TARGET_NAME)";
			};
			name = Debug;
		};
		ABB85EDD1B0C3CCC00F7801A /* Release */ = {
			isa = XCBuildConfiguration;
			buildSettings = {
				ASSETCATALOG_COMPILER_APPICON_NAME = AppIcon;
				INFOPLIST_FILE = Postcard/Info.plist;
				LD_RUNPATH_SEARCH_PATHS = "$(inherited) @executable_path/Frameworks";
				PRODUCT_NAME = "$(TARGET_NAME)";
			};
			name = Release;
		};
		ABB85EDF1B0C3CCC00F7801A /* Debug */ = {
			isa = XCBuildConfiguration;
			buildSettings = {
				BUNDLE_LOADER = "$(TEST_HOST)";
				FRAMEWORK_SEARCH_PATHS = (
					"$(SDKROOT)/Developer/Library/Frameworks",
					"$(inherited)",
				);
				GCC_PREPROCESSOR_DEFINITIONS = (
					"DEBUG=1",
					"$(inherited)",
				);
				INFOPLIST_FILE = PostcardTests/Info.plist;
				LD_RUNPATH_SEARCH_PATHS = "$(inherited) @executable_path/Frameworks @loader_path/Frameworks";
				PRODUCT_NAME = "$(TARGET_NAME)";
				TEST_HOST = "$(BUILT_PRODUCTS_DIR)/Postcard.app/Postcard";
			};
			name = Debug;
		};
		ABB85EE01B0C3CCC00F7801A /* Release */ = {
			isa = XCBuildConfiguration;
			buildSettings = {
				BUNDLE_LOADER = "$(TEST_HOST)";
				FRAMEWORK_SEARCH_PATHS = (
					"$(SDKROOT)/Developer/Library/Frameworks",
					"$(inherited)",
				);
				INFOPLIST_FILE = PostcardTests/Info.plist;
				LD_RUNPATH_SEARCH_PATHS = "$(inherited) @executable_path/Frameworks @loader_path/Frameworks";
				PRODUCT_NAME = "$(TARGET_NAME)";
				TEST_HOST = "$(BUILT_PRODUCTS_DIR)/Postcard.app/Postcard";
			};
			name = Release;
		};
/* End XCBuildConfiguration section */

/* Begin XCConfigurationList section */
		ABB85EB71B0C3CCC00F7801A /* Build configuration list for PBXProject "Postcard" */ = {
			isa = XCConfigurationList;
			buildConfigurations = (
				ABB85ED91B0C3CCC00F7801A /* Debug */,
				ABB85EDA1B0C3CCC00F7801A /* Release */,
			);
			defaultConfigurationIsVisible = 0;
			defaultConfigurationName = Release;
		};
		ABB85EDB1B0C3CCC00F7801A /* Build configuration list for PBXNativeTarget "Postcard" */ = {
			isa = XCConfigurationList;
			buildConfigurations = (
				ABB85EDC1B0C3CCC00F7801A /* Debug */,
				ABB85EDD1B0C3CCC00F7801A /* Release */,
			);
			defaultConfigurationIsVisible = 0;
			defaultConfigurationName = Release;
		};
		ABB85EDE1B0C3CCC00F7801A /* Build configuration list for PBXNativeTarget "PostcardTests" */ = {
			isa = XCConfigurationList;
			buildConfigurations = (
				ABB85EDF1B0C3CCC00F7801A /* Debug */,
				ABB85EE01B0C3CCC00F7801A /* Release */,
			);
			defaultConfigurationIsVisible = 0;
			defaultConfigurationName = Release;
		};
/* End XCConfigurationList section */
	};
	rootObject = ABB85EB41B0C3CCC00F7801A /* Project object */;
}
